// !$*UTF8*$!
{
	archiveVersion = 1;
	classes = {
	};
	objectVersion = 56;
	objects = {

/* Begin PBXBuildFile section */
		8B8F32972CA2CA0B00F892A3 /* AppDelegate.swift in Sources */ = {isa = PBXBuildFile; fileRef = 8B8F32962CA2CA0B00F892A3 /* AppDelegate.swift */; };
		8B8F32992CA2CA0B00F892A3 /* SceneDelegate.swift in Sources */ = {isa = PBXBuildFile; fileRef = 8B8F32982CA2CA0B00F892A3 /* SceneDelegate.swift */; };
		8B8F329E2CA2CA0B00F892A3 /* Main.storyboard in Resources */ = {isa = PBXBuildFile; fileRef = 8B8F329C2CA2CA0B00F892A3 /* Main.storyboard */; };
		8B8F32A02CA2CA0C00F892A3 /* Assets.xcassets in Resources */ = {isa = PBXBuildFile; fileRef = 8B8F329F2CA2CA0C00F892A3 /* Assets.xcassets */; };
		8B8F32A32CA2CA0C00F892A3 /* LaunchScreen.storyboard in Resources */ = {isa = PBXBuildFile; fileRef = 8B8F32A12CA2CA0C00F892A3 /* LaunchScreen.storyboard */; };
		8B8F32AE2CA2CA0C00F892A3 /* NewsAppTests.swift in Sources */ = {isa = PBXBuildFile; fileRef = 8B8F32AD2CA2CA0C00F892A3 /* NewsAppTests.swift */; };
		8B8F32B82CA2CA0C00F892A3 /* NewsAppUITests.swift in Sources */ = {isa = PBXBuildFile; fileRef = 8B8F32B72CA2CA0C00F892A3 /* NewsAppUITests.swift */; };
		8B8F32BA2CA2CA0C00F892A3 /* NewsAppUITestsLaunchTests.swift in Sources */ = {isa = PBXBuildFile; fileRef = 8B8F32B92CA2CA0C00F892A3 /* NewsAppUITestsLaunchTests.swift */; };
		8B8F32C92CA2CBB900F892A3 /* NewsListController.swift in Sources */ = {isa = PBXBuildFile; fileRef = 8B8F32C82CA2CBB900F892A3 /* NewsListController.swift */; };
		8B8F32CC2CA2CFC800F892A3 /* NewsTableViewCell.swift in Sources */ = {isa = PBXBuildFile; fileRef = 8B8F32CB2CA2CFC800F892A3 /* NewsTableViewCell.swift */; };
		8B8F32D22CA2D0E900F892A3 /* Article.swift in Sources */ = {isa = PBXBuildFile; fileRef = 8B8F32D12CA2D0E900F892A3 /* Article.swift */; };
/* End PBXBuildFile section */

/* Begin PBXContainerItemProxy section */
		8B8F32AA2CA2CA0C00F892A3 /* PBXContainerItemProxy */ = {
			isa = PBXContainerItemProxy;
			containerPortal = 8B8F328B2CA2CA0B00F892A3 /* Project object */;
			proxyType = 1;
			remoteGlobalIDString = 8B8F32922CA2CA0B00F892A3;
			remoteInfo = NewsApp;
		};
		8B8F32B42CA2CA0C00F892A3 /* PBXContainerItemProxy */ = {
			isa = PBXContainerItemProxy;
			containerPortal = 8B8F328B2CA2CA0B00F892A3 /* Project object */;
			proxyType = 1;
			remoteGlobalIDString = 8B8F32922CA2CA0B00F892A3;
			remoteInfo = NewsApp;
		};
/* End PBXContainerItemProxy section */

/* Begin PBXFileReference section */
		8B8F32932CA2CA0B00F892A3 /* NewsApp.app */ = {isa = PBXFileReference; explicitFileType = wrapper.application; includeInIndex = 0; path = NewsApp.app; sourceTree = BUILT_PRODUCTS_DIR; };
		8B8F32962CA2CA0B00F892A3 /* AppDelegate.swift */ = {isa = PBXFileReference; lastKnownFileType = sourcecode.swift; path = AppDelegate.swift; sourceTree = "<group>"; };
		8B8F32982CA2CA0B00F892A3 /* SceneDelegate.swift */ = {isa = PBXFileReference; lastKnownFileType = sourcecode.swift; path = SceneDelegate.swift; sourceTree = "<group>"; };
		8B8F329D2CA2CA0B00F892A3 /* Base */ = {isa = PBXFileReference; lastKnownFileType = file.storyboard; name = Base; path = Base.lproj/Main.storyboard; sourceTree = "<group>"; };
		8B8F329F2CA2CA0C00F892A3 /* Assets.xcassets */ = {isa = PBXFileReference; lastKnownFileType = folder.assetcatalog; path = Assets.xcassets; sourceTree = "<group>"; };
		8B8F32A22CA2CA0C00F892A3 /* Base */ = {isa = PBXFileReference; lastKnownFileType = file.storyboard; name = Base; path = Base.lproj/LaunchScreen.storyboard; sourceTree = "<group>"; };
		8B8F32A42CA2CA0C00F892A3 /* Info.plist */ = {isa = PBXFileReference; lastKnownFileType = text.plist.xml; path = Info.plist; sourceTree = "<group>"; };
		8B8F32A92CA2CA0C00F892A3 /* NewsAppTests.xctest */ = {isa = PBXFileReference; explicitFileType = wrapper.cfbundle; includeInIndex = 0; path = NewsAppTests.xctest; sourceTree = BUILT_PRODUCTS_DIR; };
		8B8F32AD2CA2CA0C00F892A3 /* NewsAppTests.swift */ = {isa = PBXFileReference; lastKnownFileType = sourcecode.swift; path = NewsAppTests.swift; sourceTree = "<group>"; };
		8B8F32B32CA2CA0C00F892A3 /* NewsAppUITests.xctest */ = {isa = PBXFileReference; explicitFileType = wrapper.cfbundle; includeInIndex = 0; path = NewsAppUITests.xctest; sourceTree = BUILT_PRODUCTS_DIR; };
		8B8F32B72CA2CA0C00F892A3 /* NewsAppUITests.swift */ = {isa = PBXFileReference; lastKnownFileType = sourcecode.swift; path = NewsAppUITests.swift; sourceTree = "<group>"; };
		8B8F32B92CA2CA0C00F892A3 /* NewsAppUITestsLaunchTests.swift */ = {isa = PBXFileReference; lastKnownFileType = sourcecode.swift; path = NewsAppUITestsLaunchTests.swift; sourceTree = "<group>"; };
		8B8F32C82CA2CBB900F892A3 /* NewsListController.swift */ = {isa = PBXFileReference; lastKnownFileType = sourcecode.swift; path = NewsListController.swift; sourceTree = "<group>"; };
		8B8F32CB2CA2CFC800F892A3 /* NewsTableViewCell.swift */ = {isa = PBXFileReference; lastKnownFileType = sourcecode.swift; path = NewsTableViewCell.swift; sourceTree = "<group>"; };
		8B8F32D12CA2D0E900F892A3 /* Article.swift */ = {isa = PBXFileReference; lastKnownFileType = sourcecode.swift; path = Article.swift; sourceTree = "<group>"; };
/* End PBXFileReference section */

/* Begin PBXFrameworksBuildPhase section */
		8B8F32902CA2CA0B00F892A3 /* Frameworks */ = {
			isa = PBXFrameworksBuildPhase;
			buildActionMask = 2147483647;
			files = (
			);
			runOnlyForDeploymentPostprocessing = 0;
		};
		8B8F32A62CA2CA0C00F892A3 /* Frameworks */ = {
			isa = PBXFrameworksBuildPhase;
			buildActionMask = 2147483647;
			files = (
			);
			runOnlyForDeploymentPostprocessing = 0;
		};
		8B8F32B02CA2CA0C00F892A3 /* Frameworks */ = {
			isa = PBXFrameworksBuildPhase;
			buildActionMask = 2147483647;
			files = (
			);
			runOnlyForDeploymentPostprocessing = 0;
		};
/* End PBXFrameworksBuildPhase section */

/* Begin PBXGroup section */
		8B8F328A2CA2CA0B00F892A3 = {
			isa = PBXGroup;
			children = (
				8B8F32952CA2CA0B00F892A3 /* NewsApp */,
				8B8F32AC2CA2CA0C00F892A3 /* NewsAppTests */,
				8B8F32B62CA2CA0C00F892A3 /* NewsAppUITests */,
				8B8F32942CA2CA0B00F892A3 /* Products */,
			);
			sourceTree = "<group>";
		};
		8B8F32942CA2CA0B00F892A3 /* Products */ = {
			isa = PBXGroup;
			children = (
				8B8F32932CA2CA0B00F892A3 /* NewsApp.app */,
				8B8F32A92CA2CA0C00F892A3 /* NewsAppTests.xctest */,
				8B8F32B32CA2CA0C00F892A3 /* NewsAppUITests.xctest */,
			);
			name = Products;
			sourceTree = "<group>";
		};
		8B8F32952CA2CA0B00F892A3 /* NewsApp */ = {
			isa = PBXGroup;
			children = (
				8B8F32D02CA2D0DB00F892A3 /* Models */,
				8B8F32CA2CA2CF8700F892A3 /* Cells */,
				8B8F32C72CA2CBA200F892A3 /* Controllers */,
				8B8F32962CA2CA0B00F892A3 /* AppDelegate.swift */,
				8B8F32982CA2CA0B00F892A3 /* SceneDelegate.swift */,
				8B8F329C2CA2CA0B00F892A3 /* Main.storyboard */,
				8B8F329F2CA2CA0C00F892A3 /* Assets.xcassets */,
				8B8F32A12CA2CA0C00F892A3 /* LaunchScreen.storyboard */,
				8B8F32A42CA2CA0C00F892A3 /* Info.plist */,
			);
			path = NewsApp;
			sourceTree = "<group>";
		};
		8B8F32AC2CA2CA0C00F892A3 /* NewsAppTests */ = {
			isa = PBXGroup;
			children = (
				8B8F32AD2CA2CA0C00F892A3 /* NewsAppTests.swift */,
			);
			path = NewsAppTests;
			sourceTree = "<group>";
		};
		8B8F32B62CA2CA0C00F892A3 /* NewsAppUITests */ = {
			isa = PBXGroup;
			children = (
				8B8F32B72CA2CA0C00F892A3 /* NewsAppUITests.swift */,
				8B8F32B92CA2CA0C00F892A3 /* NewsAppUITestsLaunchTests.swift */,
			);
			path = NewsAppUITests;
			sourceTree = "<group>";
		};
		8B8F32C72CA2CBA200F892A3 /* Controllers */ = {
			isa = PBXGroup;
			children = (
				8B8F32C82CA2CBB900F892A3 /* NewsListController.swift */,
			);
			path = Controllers;
			sourceTree = "<group>";
		};
		8B8F32CA2CA2CF8700F892A3 /* Cells */ = {
			isa = PBXGroup;
			children = (
				8B8F32CB2CA2CFC800F892A3 /* NewsTableViewCell.swift */,
			);
			path = Cells;
			sourceTree = "<group>";
		};
		8B8F32D02CA2D0DB00F892A3 /* Models */ = {
			isa = PBXGroup;
			children = (
				8B8F32D12CA2D0E900F892A3 /* Article.swift */,
			);
			path = Models;
			sourceTree = "<group>";
		};
/* End PBXGroup section */

/* Begin PBXNativeTarget section */
		8B8F32922CA2CA0B00F892A3 /* NewsApp */ = {
			isa = PBXNativeTarget;
			buildConfigurationList = 8B8F32BD2CA2CA0C00F892A3 /* Build configuration list for PBXNativeTarget "NewsApp" */;
			buildPhases = (
				8B8F328F2CA2CA0B00F892A3 /* Sources */,
				8B8F32902CA2CA0B00F892A3 /* Frameworks */,
				8B8F32912CA2CA0B00F892A3 /* Resources */,
			);
			buildRules = (
			);
			dependencies = (
			);
			name = NewsApp;
			productName = NewsApp;
			productReference = 8B8F32932CA2CA0B00F892A3 /* NewsApp.app */;
			productType = "com.apple.product-type.application";
		};
		8B8F32A82CA2CA0C00F892A3 /* NewsAppTests */ = {
			isa = PBXNativeTarget;
			buildConfigurationList = 8B8F32C02CA2CA0C00F892A3 /* Build configuration list for PBXNativeTarget "NewsAppTests" */;
			buildPhases = (
				8B8F32A52CA2CA0C00F892A3 /* Sources */,
				8B8F32A62CA2CA0C00F892A3 /* Frameworks */,
				8B8F32A72CA2CA0C00F892A3 /* Resources */,
			);
			buildRules = (
			);
			dependencies = (
				8B8F32AB2CA2CA0C00F892A3 /* PBXTargetDependency */,
			);
			name = NewsAppTests;
			productName = NewsAppTests;
			productReference = 8B8F32A92CA2CA0C00F892A3 /* NewsAppTests.xctest */;
			productType = "com.apple.product-type.bundle.unit-test";
		};
		8B8F32B22CA2CA0C00F892A3 /* NewsAppUITests */ = {
			isa = PBXNativeTarget;
			buildConfigurationList = 8B8F32C32CA2CA0C00F892A3 /* Build configuration list for PBXNativeTarget "NewsAppUITests" */;
			buildPhases = (
				8B8F32AF2CA2CA0C00F892A3 /* Sources */,
				8B8F32B02CA2CA0C00F892A3 /* Frameworks */,
				8B8F32B12CA2CA0C00F892A3 /* Resources */,
			);
			buildRules = (
			);
			dependencies = (
				8B8F32B52CA2CA0C00F892A3 /* PBXTargetDependency */,
			);
			name = NewsAppUITests;
			productName = NewsAppUITests;
			productReference = 8B8F32B32CA2CA0C00F892A3 /* NewsAppUITests.xctest */;
			productType = "com.apple.product-type.bundle.ui-testing";
		};
/* End PBXNativeTarget section */

/* Begin PBXProject section */
		8B8F328B2CA2CA0B00F892A3 /* Project object */ = {
			isa = PBXProject;
			attributes = {
				BuildIndependentTargetsInParallel = 1;
				LastSwiftUpdateCheck = 1430;
				LastUpgradeCheck = 1430;
				TargetAttributes = {
					8B8F32922CA2CA0B00F892A3 = {
						CreatedOnToolsVersion = 14.3.1;
					};
					8B8F32A82CA2CA0C00F892A3 = {
						CreatedOnToolsVersion = 14.3.1;
						TestTargetID = 8B8F32922CA2CA0B00F892A3;
					};
					8B8F32B22CA2CA0C00F892A3 = {
						CreatedOnToolsVersion = 14.3.1;
						TestTargetID = 8B8F32922CA2CA0B00F892A3;
					};
				};
			};
			buildConfigurationList = 8B8F328E2CA2CA0B00F892A3 /* Build configuration list for PBXProject "NewsApp" */;
			compatibilityVersion = "Xcode 14.0";
			developmentRegion = en;
			hasScannedForEncodings = 0;
			knownRegions = (
				en,
				Base,
			);
			mainGroup = 8B8F328A2CA2CA0B00F892A3;
			productRefGroup = 8B8F32942CA2CA0B00F892A3 /* Products */;
			projectDirPath = "";
			projectRoot = "";
			targets = (
				8B8F32922CA2CA0B00F892A3 /* NewsApp */,
				8B8F32A82CA2CA0C00F892A3 /* NewsAppTests */,
				8B8F32B22CA2CA0C00F892A3 /* NewsAppUITests */,
			);
		};
/* End PBXProject section */

/* Begin PBXResourcesBuildPhase section */
		8B8F32912CA2CA0B00F892A3 /* Resources */ = {
			isa = PBXResourcesBuildPhase;
			buildActionMask = 2147483647;
			files = (
				8B8F32A32CA2CA0C00F892A3 /* LaunchScreen.storyboard in Resources */,
				8B8F32A02CA2CA0C00F892A3 /* Assets.xcassets in Resources */,
				8B8F329E2CA2CA0B00F892A3 /* Main.storyboard in Resources */,
			);
			runOnlyForDeploymentPostprocessing = 0;
		};
		8B8F32A72CA2CA0C00F892A3 /* Resources */ = {
			isa = PBXResourcesBuildPhase;
			buildActionMask = 2147483647;
			files = (
			);
			runOnlyForDeploymentPostprocessing = 0;
		};
		8B8F32B12CA2CA0C00F892A3 /* Resources */ = {
			isa = PBXResourcesBuildPhase;
			buildActionMask = 2147483647;
			files = (
			);
			runOnlyForDeploymentPostprocessing = 0;
		};
/* End PBXResourcesBuildPhase section */

/* Begin PBXSourcesBuildPhase section */
		8B8F328F2CA2CA0B00F892A3 /* Sources */ = {
			isa = PBXSourcesBuildPhase;
			buildActionMask = 2147483647;
			files = (
				8B8F32C92CA2CBB900F892A3 /* NewsListController.swift in Sources */,
				8B8F32972CA2CA0B00F892A3 /* AppDelegate.swift in Sources */,
				8B8F32D22CA2D0E900F892A3 /* Article.swift in Sources */,
				8B8F32CC2CA2CFC800F892A3 /* NewsTableViewCell.swift in Sources */,
				8B8F32992CA2CA0B00F892A3 /* SceneDelegate.swift in Sources */,
			);
			runOnlyForDeploymentPostprocessing = 0;
		};
		8B8F32A52CA2CA0C00F892A3 /* Sources */ = {
			isa = PBXSourcesBuildPhase;
			buildActionMask = 2147483647;
			files = (
				8B8F32AE2CA2CA0C00F892A3 /* NewsAppTests.swift in Sources */,
			);
			runOnlyForDeploymentPostprocessing = 0;
		};
		8B8F32AF2CA2CA0C00F892A3 /* Sources */ = {
			isa = PBXSourcesBuildPhase;
			buildActionMask = 2147483647;
			files = (
				8B8F32B82CA2CA0C00F892A3 /* NewsAppUITests.swift in Sources */,
				8B8F32BA2CA2CA0C00F892A3 /* NewsAppUITestsLaunchTests.swift in Sources */,
			);
			runOnlyForDeploymentPostprocessing = 0;
		};
/* End PBXSourcesBuildPhase section */

/* Begin PBXTargetDependency section */
		8B8F32AB2CA2CA0C00F892A3 /* PBXTargetDependency */ = {
			isa = PBXTargetDependency;
			target = 8B8F32922CA2CA0B00F892A3 /* NewsApp */;
			targetProxy = 8B8F32AA2CA2CA0C00F892A3 /* PBXContainerItemProxy */;
		};
		8B8F32B52CA2CA0C00F892A3 /* PBXTargetDependency */ = {
			isa = PBXTargetDependency;
			target = 8B8F32922CA2CA0B00F892A3 /* NewsApp */;
			targetProxy = 8B8F32B42CA2CA0C00F892A3 /* PBXContainerItemProxy */;
		};
/* End PBXTargetDependency section */

/* Begin PBXVariantGroup section */
		8B8F329C2CA2CA0B00F892A3 /* Main.storyboard */ = {
			isa = PBXVariantGroup;
			children = (
				8B8F329D2CA2CA0B00F892A3 /* Base */,
			);
			name = Main.storyboard;
			sourceTree = "<group>";
		};
		8B8F32A12CA2CA0C00F892A3 /* LaunchScreen.storyboard */ = {
			isa = PBXVariantGroup;
			children = (
				8B8F32A22CA2CA0C00F892A3 /* Base */,
			);
			name = LaunchScreen.storyboard;
			sourceTree = "<group>";
		};
/* End PBXVariantGroup section */

/* Begin XCBuildConfiguration section */
		8B8F32BB2CA2CA0C00F892A3 /* Debug */ = {
			isa = XCBuildConfiguration;
			buildSettings = {
				ALWAYS_SEARCH_USER_PATHS = NO;
				CLANG_ANALYZER_NONNULL = YES;
				CLANG_ANALYZER_NUMBER_OBJECT_CONVERSION = YES_AGGRESSIVE;
				CLANG_CXX_LANGUAGE_STANDARD = "gnu++20";
				CLANG_ENABLE_MODULES = YES;
				CLANG_ENABLE_OBJC_ARC = YES;
				CLANG_ENABLE_OBJC_WEAK = YES;
				CLANG_WARN_BLOCK_CAPTURE_AUTORELEASING = YES;
				CLANG_WARN_BOOL_CONVERSION = YES;
				CLANG_WARN_COMMA = YES;
				CLANG_WARN_CONSTANT_CONVERSION = YES;
				CLANG_WARN_DEPRECATED_OBJC_IMPLEMENTATIONS = YES;
				CLANG_WARN_DIRECT_OBJC_ISA_USAGE = YES_ERROR;
				CLANG_WARN_DOCUMENTATION_COMMENTS = YES;
				CLANG_WARN_EMPTY_BODY = YES;
				CLANG_WARN_ENUM_CONVERSION = YES;
				CLANG_WARN_INFINITE_RECURSION = YES;
				CLANG_WARN_INT_CONVERSION = YES;
				CLANG_WARN_NON_LITERAL_NULL_CONVERSION = YES;
				CLANG_WARN_OBJC_IMPLICIT_RETAIN_SELF = YES;
				CLANG_WARN_OBJC_LITERAL_CONVERSION = YES;
				CLANG_WARN_OBJC_ROOT_CLASS = YES_ERROR;
				CLANG_WARN_QUOTED_INCLUDE_IN_FRAMEWORK_HEADER = YES;
				CLANG_WARN_RANGE_LOOP_ANALYSIS = YES;
				CLANG_WARN_STRICT_PROTOTYPES = YES;
				CLANG_WARN_SUSPICIOUS_MOVE = YES;
				CLANG_WARN_UNGUARDED_AVAILABILITY = YES_AGGRESSIVE;
				CLANG_WARN_UNREACHABLE_CODE = YES;
				CLANG_WARN__DUPLICATE_METHOD_MATCH = YES;
				COPY_PHASE_STRIP = NO;
				DEBUG_INFORMATION_FORMAT = dwarf;
				ENABLE_STRICT_OBJC_MSGSEND = YES;
				ENABLE_TESTABILITY = YES;
				GCC_C_LANGUAGE_STANDARD = gnu11;
				GCC_DYNAMIC_NO_PIC = NO;
				GCC_NO_COMMON_BLOCKS = YES;
				GCC_OPTIMIZATION_LEVEL = 0;
				GCC_PREPROCESSOR_DEFINITIONS = (
					"DEBUG=1",
					"$(inherited)",
				);
				GCC_WARN_64_TO_32_BIT_CONVERSION = YES;
				GCC_WARN_ABOUT_RETURN_TYPE = YES_ERROR;
				GCC_WARN_UNDECLARED_SELECTOR = YES;
				GCC_WARN_UNINITIALIZED_AUTOS = YES_AGGRESSIVE;
				GCC_WARN_UNUSED_FUNCTION = YES;
				GCC_WARN_UNUSED_VARIABLE = YES;
				IPHONEOS_DEPLOYMENT_TARGET = 16.4;
				MTL_ENABLE_DEBUG_INFO = INCLUDE_SOURCE;
				MTL_FAST_MATH = YES;
				ONLY_ACTIVE_ARCH = YES;
				SDKROOT = iphoneos;
				SWIFT_ACTIVE_COMPILATION_CONDITIONS = DEBUG;
				SWIFT_OPTIMIZATION_LEVEL = "-Onone";
			};
			name = Debug;
		};
		8B8F32BC2CA2CA0C00F892A3 /* Release */ = {
			isa = XCBuildConfiguration;
			buildSettings = {
				ALWAYS_SEARCH_USER_PATHS = NO;
				CLANG_ANALYZER_NONNULL = YES;
				CLANG_ANALYZER_NUMBER_OBJECT_CONVERSION = YES_AGGRESSIVE;
				CLANG_CXX_LANGUAGE_STANDARD = "gnu++20";
				CLANG_ENABLE_MODULES = YES;
				CLANG_ENABLE_OBJC_ARC = YES;
				CLANG_ENABLE_OBJC_WEAK = YES;
				CLANG_WARN_BLOCK_CAPTURE_AUTORELEASING = YES;
				CLANG_WARN_BOOL_CONVERSION = YES;
				CLANG_WARN_COMMA = YES;
				CLANG_WARN_CONSTANT_CONVERSION = YES;
				CLANG_WARN_DEPRECATED_OBJC_IMPLEMENTATIONS = YES;
				CLANG_WARN_DIRECT_OBJC_ISA_USAGE = YES_ERROR;
				CLANG_WARN_DOCUMENTATION_COMMENTS = YES;
				CLANG_WARN_EMPTY_BODY = YES;
				CLANG_WARN_ENUM_CONVERSION = YES;
				CLANG_WARN_INFINITE_RECURSION = YES;
				CLANG_WARN_INT_CONVERSION = YES;
				CLANG_WARN_NON_LITERAL_NULL_CONVERSION = YES;
				CLANG_WARN_OBJC_IMPLICIT_RETAIN_SELF = YES;
				CLANG_WARN_OBJC_LITERAL_CONVERSION = YES;
				CLANG_WARN_OBJC_ROOT_CLASS = YES_ERROR;
				CLANG_WARN_QUOTED_INCLUDE_IN_FRAMEWORK_HEADER = YES;
				CLANG_WARN_RANGE_LOOP_ANALYSIS = YES;
				CLANG_WARN_STRICT_PROTOTYPES = YES;
				CLANG_WARN_SUSPICIOUS_MOVE = YES;
				CLANG_WARN_UNGUARDED_AVAILABILITY = YES_AGGRESSIVE;
				CLANG_WARN_UNREACHABLE_CODE = YES;
				CLANG_WARN__DUPLICATE_METHOD_MATCH = YES;
				COPY_PHASE_STRIP = NO;
				DEBUG_INFORMATION_FORMAT = "dwarf-with-dsym";
				ENABLE_NS_ASSERTIONS = NO;
				ENABLE_STRICT_OBJC_MSGSEND = YES;
				GCC_C_LANGUAGE_STANDARD = gnu11;
				GCC_NO_COMMON_BLOCKS = YES;
				GCC_WARN_64_TO_32_BIT_CONVERSION = YES;
				GCC_WARN_ABOUT_RETURN_TYPE = YES_ERROR;
				GCC_WARN_UNDECLARED_SELECTOR = YES;
				GCC_WARN_UNINITIALIZED_AUTOS = YES_AGGRESSIVE;
				GCC_WARN_UNUSED_FUNCTION = YES;
				GCC_WARN_UNUSED_VARIABLE = YES;
				IPHONEOS_DEPLOYMENT_TARGET = 16.4;
				MTL_ENABLE_DEBUG_INFO = NO;
				MTL_FAST_MATH = YES;
				SDKROOT = iphoneos;
				SWIFT_COMPILATION_MODE = wholemodule;
				SWIFT_OPTIMIZATION_LEVEL = "-O";
				VALIDATE_PRODUCT = YES;
			};
			name = Release;
		};
		8B8F32BE2CA2CA0C00F892A3 /* Debug */ = {
			isa = XCBuildConfiguration;
			buildSettings = {
				ASSETCATALOG_COMPILER_APPICON_NAME = AppIcon;
				ASSETCATALOG_COMPILER_GLOBAL_ACCENT_COLOR_NAME = AccentColor;
				CODE_SIGN_STYLE = Automatic;
				CURRENT_PROJECT_VERSION = 1;
				GENERATE_INFOPLIST_FILE = YES;
				INFOPLIST_FILE = NewsApp/Info.plist;
				INFOPLIST_KEY_UIApplicationSupportsIndirectInputEvents = YES;
				INFOPLIST_KEY_UILaunchStoryboardName = LaunchScreen;
				INFOPLIST_KEY_UIMainStoryboardFile = Main;
				INFOPLIST_KEY_UISupportedInterfaceOrientations_iPad = "UIInterfaceOrientationPortrait UIInterfaceOrientationPortraitUpsideDown UIInterfaceOrientationLandscapeLeft UIInterfaceOrientationLandscapeRight";
				INFOPLIST_KEY_UISupportedInterfaceOrientations_iPhone = "UIInterfaceOrientationPortrait UIInterfaceOrientationLandscapeLeft UIInterfaceOrientationLandscapeRight";
				LD_RUNPATH_SEARCH_PATHS = (
					"$(inherited)",
					"@executable_path/Frameworks",
				);
				MARKETING_VERSION = 1.0;
				PRODUCT_BUNDLE_IDENTIFIER = hustin.NewsApp;
				PRODUCT_NAME = "$(TARGET_NAME)";
				SWIFT_EMIT_LOC_STRINGS = YES;
				SWIFT_VERSION = 5.0;
				TARGETED_DEVICE_FAMILY = "1,2";
			};
			name = Debug;
		};
		8B8F32BF2CA2CA0C00F892A3 /* Release */ = {
			isa = XCBuildConfiguration;
			buildSettings = {
				ASSETCATALOG_COMPILER_APPICON_NAME = AppIcon;
				ASSETCATALOG_COMPILER_GLOBAL_ACCENT_COLOR_NAME = AccentColor;
				CODE_SIGN_STYLE = Automatic;
				CURRENT_PROJECT_VERSION = 1;
				GENERATE_INFOPLIST_FILE = YES;
				INFOPLIST_FILE = NewsApp/Info.plist;
				INFOPLIST_KEY_UIApplicationSupportsIndirectInputEvents = YES;
				INFOPLIST_KEY_UILaunchStoryboardName = LaunchScreen;
				INFOPLIST_KEY_UIMainStoryboardFile = Main;
				INFOPLIST_KEY_UISupportedInterfaceOrientations_iPad = "UIInterfaceOrientationPortrait UIInterfaceOrientationPortraitUpsideDown UIInterfaceOrientationLandscapeLeft UIInterfaceOrientationLandscapeRight";
				INFOPLIST_KEY_UISupportedInterfaceOrientations_iPhone = "UIInterfaceOrientationPortrait UIInterfaceOrientationLandscapeLeft UIInterfaceOrientationLandscapeRight";
				LD_RUNPATH_SEARCH_PATHS = (
					"$(inherited)",
					"@executable_path/Frameworks",
				);
				MARKETING_VERSION = 1.0;
				PRODUCT_BUNDLE_IDENTIFIER = hustin.NewsApp;
				PRODUCT_NAME = "$(TARGET_NAME)";
				SWIFT_EMIT_LOC_STRINGS = YES;
				SWIFT_VERSION = 5.0;
				TARGETED_DEVICE_FAMILY = "1,2";
			};
			name = Release;
		};
		8B8F32C12CA2CA0C00F892A3 /* Debug */ = {
			isa = XCBuildConfiguration;
			buildSettings = {
				ALWAYS_EMBED_SWIFT_STANDARD_LIBRARIES = YES;
				BUNDLE_LOADER = "$(TEST_HOST)";
				CODE_SIGN_STYLE = Automatic;
				CURRENT_PROJECT_VERSION = 1;
				GENERATE_INFOPLIST_FILE = YES;
				IPHONEOS_DEPLOYMENT_TARGET = 16.4;
				MARKETING_VERSION = 1.0;
				PRODUCT_BUNDLE_IDENTIFIER = hustin.NewsAppTests;
				PRODUCT_NAME = "$(TARGET_NAME)";
				SWIFT_EMIT_LOC_STRINGS = NO;
				SWIFT_VERSION = 5.0;
				TARGETED_DEVICE_FAMILY = "1,2";
				TEST_HOST = "$(BUILT_PRODUCTS_DIR)/NewsApp.app/$(BUNDLE_EXECUTABLE_FOLDER_PATH)/NewsApp";
			};
			name = Debug;
		};
		8B8F32C22CA2CA0C00F892A3 /* Release */ = {
			isa = XCBuildConfiguration;
			buildSettings = {
				ALWAYS_EMBED_SWIFT_STANDARD_LIBRARIES = YES;
				BUNDLE_LOADER = "$(TEST_HOST)";
				CODE_SIGN_STYLE = Automatic;
				CURRENT_PROJECT_VERSION = 1;
				GENERATE_INFOPLIST_FILE = YES;
				IPHONEOS_DEPLOYMENT_TARGET = 16.4;
				MARKETING_VERSION = 1.0;
				PRODUCT_BUNDLE_IDENTIFIER = hustin.NewsAppTests;
				PRODUCT_NAME = "$(TARGET_NAME)";
				SWIFT_EMIT_LOC_STRINGS = NO;
				SWIFT_VERSION = 5.0;
				TARGETED_DEVICE_FAMILY = "1,2";
				TEST_HOST = "$(BUILT_PRODUCTS_DIR)/NewsApp.app/$(BUNDLE_EXECUTABLE_FOLDER_PATH)/NewsApp";
			};
			name = Release;
		};
		8B8F32C42CA2CA0C00F892A3 /* Debug */ = {
			isa = XCBuildConfiguration;
			buildSettings = {
				ALWAYS_EMBED_SWIFT_STANDARD_LIBRARIES = YES;
				CODE_SIGN_STYLE = Automatic;
				CURRENT_PROJECT_VERSION = 1;
				GENERATE_INFOPLIST_FILE = YES;
				MARKETING_VERSION = 1.0;
				PRODUCT_BUNDLE_IDENTIFIER = hustin.NewsAppUITests;
				PRODUCT_NAME = "$(TARGET_NAME)";
				SWIFT_EMIT_LOC_STRINGS = NO;
				SWIFT_VERSION = 5.0;
				TARGETED_DEVICE_FAMILY = "1,2";
				TEST_TARGET_NAME = NewsApp;
			};
			name = Debug;
		};
		8B8F32C52CA2CA0C00F892A3 /* Release */ = {
			isa = XCBuildConfiguration;
			buildSettings = {
				ALWAYS_EMBED_SWIFT_STANDARD_LIBRARIES = YES;
				CODE_SIGN_STYLE = Automatic;
				CURRENT_PROJECT_VERSION = 1;
				GENERATE_INFOPLIST_FILE = YES;
				MARKETING_VERSION = 1.0;
				PRODUCT_BUNDLE_IDENTIFIER = hustin.NewsAppUITests;
				PRODUCT_NAME = "$(TARGET_NAME)";
				SWIFT_EMIT_LOC_STRINGS = NO;
				SWIFT_VERSION = 5.0;
				TARGETED_DEVICE_FAMILY = "1,2";
				TEST_TARGET_NAME = NewsApp;
			};
			name = Release;
		};
/* End XCBuildConfiguration section */

/* Begin XCConfigurationList section */
		8B8F328E2CA2CA0B00F892A3 /* Build configuration list for PBXProject "NewsApp" */ = {
			isa = XCConfigurationList;
			buildConfigurations = (
				8B8F32BB2CA2CA0C00F892A3 /* Debug */,
				8B8F32BC2CA2CA0C00F892A3 /* Release */,
			);
			defaultConfigurationIsVisible = 0;
			defaultConfigurationName = Release;
		};
		8B8F32BD2CA2CA0C00F892A3 /* Build configuration list for PBXNativeTarget "NewsApp" */ = {
			isa = XCConfigurationList;
			buildConfigurations = (
				8B8F32BE2CA2CA0C00F892A3 /* Debug */,
				8B8F32BF2CA2CA0C00F892A3 /* Release */,
			);
			defaultConfigurationIsVisible = 0;
			defaultConfigurationName = Release;
		};
		8B8F32C02CA2CA0C00F892A3 /* Build configuration list for PBXNativeTarget "NewsAppTests" */ = {
			isa = XCConfigurationList;
			buildConfigurations = (
				8B8F32C12CA2CA0C00F892A3 /* Debug */,
				8B8F32C22CA2CA0C00F892A3 /* Release */,
			);
			defaultConfigurationIsVisible = 0;
			defaultConfigurationName = Release;
		};
		8B8F32C32CA2CA0C00F892A3 /* Build configuration list for PBXNativeTarget "NewsAppUITests" */ = {
			isa = XCConfigurationList;
			buildConfigurations = (
				8B8F32C42CA2CA0C00F892A3 /* Debug */,
				8B8F32C52CA2CA0C00F892A3 /* Release */,
			);
			defaultConfigurationIsVisible = 0;
			defaultConfigurationName = Release;
		};
/* End XCConfigurationList section */
	};
	rootObject = 8B8F328B2CA2CA0B00F892A3 /* Project object */;
}
